{"1.1.0",
[{<<"eper">>,{pkg,<<"eper">>,<<"0.94.0">>},0},
 {<<"epocxy">>,{pkg,<<"epocxy">>,<<"1.1.0">>},0},
 {<<"iso8601">>,{pkg,<<"iso8601">>,<<"1.2.3">>},1},
 {<<"quickrand">>,{pkg,<<"quickrand">>,<<"1.5.4">>},2},
 {<<"sumo_db">>,{pkg,<<"sumo_db">>,<<"0.7.6">>},0},
 {<<"uuid">>,{pkg,<<"uuid_erl">>,<<"1.5.4">>},1},
 {<<"worker_pool">>,{pkg,<<"worker_pool">>,<<"2.3.0">>},1}]}.
[
{pkg_hash,[
 {<<"eper">>, <<"F5FB2DAA0DF8878748E1C598428EDA942A173E5121FF35C1D632129B84593A3A">>},
 {<<"epocxy">>, <<"125E8CDD2346A807530F0510EA0A5022E63874B3FCDCE4DD80E16F38717A044E">>},
 {<<"iso8601">>, <<"56D173EC568D42E95908797A9B7D27BCF0B377443277416733EB1A544A4A47C2">>},
 {<<"quickrand">>, <<"47ADD4755CC5F209CBEFFD6F47C84061196CD7FAD99FD8FD12418EB0D06B939D">>},
 {<<"sumo_db">>, <<"9E24E15914A8CCCAC3FED1675F4E25A1BFB747237151E618C0A387696FD70A41">>},
 {<<"uuid">>, <<"06240EFF3EAF013CC22274689B0C1FF6345645EE5D47A9E4ED7545EEB7698B23">>},
 {<<"worker_pool">>, <<"F401FD82A6A02333F4326B144A1EE759EEDEA20411F4283A3F3195BD62A2E445">>}]}
].
