{"1.1.0",
[{<<"eper">>,{pkg,<<"eper">>,<<"0.94.0">>},0},
 {<<"epocxy">>,{pkg,<<"epocxy">>,<<"1.1.0">>},0},
 {<<"goldrush">>,{pkg,<<"goldrush">>,<<"0.1.8">>},2},
 {<<"lager">>,{pkg,<<"lager">>,<<"3.2.1">>},1},
 {<<"quickrand">>,{pkg,<<"quickrand">>,<<"1.3.3">>},2},
 {<<"sumo_db">>,{pkg,<<"sumo_db">>,<<"0.6.1">>},0},
 {<<"uuid">>,{pkg,<<"uuid_erl">>,<<"1.5.2-rc1">>},1},
 {<<"worker_pool">>,{pkg,<<"worker_pool">>,<<"2.0.1">>},1}]}.
[
{pkg_hash,[
 {<<"eper">>, <<"F5FB2DAA0DF8878748E1C598428EDA942A173E5121FF35C1D632129B84593A3A">>},
 {<<"epocxy">>, <<"125E8CDD2346A807530F0510EA0A5022E63874B3FCDCE4DD80E16F38717A044E">>},
 {<<"goldrush">>, <<"2024BA375CEEA47E27EA70E14D2C483B2D8610101B4E852EF7F89163CDB6E649">>},
 {<<"lager">>, <<"EEF4E18B39E4195D37606D9088EA05BF1B745986CF8EC84F01D332456FE88D17">>},
 {<<"quickrand">>, <<"E09F71C3F2C9D6364FE388037BB6EB652CB88816DE997D29F406C32C541A765A">>},
 {<<"sumo_db">>, <<"6D7BF7FEA90D8E41DEA894379A4E945622B8BFDDBB3EEF31D79B3D0CA3084056">>},
 {<<"uuid">>, <<"D4022AB3F4F1A28E86EA15D4075CB0C57EC908D8AF1CA2E8AF28AA815EF93C3A">>},
 {<<"worker_pool">>, <<"B90273074898FA89434317991E00884DBBAFFAB5BFD964A7586317CD16FB18D4">>}]}
].
